
Microsoft Visual Studio Solution File, Format Version 12.00
# Visual Studio Version 17
VisualStudioVersion = 17.6.33723.286
MinimumVisualStudioVersion = 10.0.40219.1
Project("{FAE04EC0-301F-11D3-BF4B-00C04F79EFBC}") = "P_P_med_P_BossFight", "P_P_med_P_BossFight\P_P_med_P_BossFight.csproj", "{D606BC62-EC6F-4819-AA7E-F17201C0320A}"
EndProject
Global
	GlobalSection(SolutionConfigurationPlatforms) = preSolution
		Debug|Any CPU = Debug|Any CPU
		Release|Any CPU = Release|Any CPU
	EndGlobalSection
	GlobalSection(ProjectConfigurationPlatforms) = postSolution
		{D606BC62-EC6F-4819-AA7E-F17201C0320A}.Debug|Any CPU.ActiveCfg = Debug|Any CPU
		{D606BC62-EC6F-4819-AA7E-F17201C0320A}.Debug|Any CPU.Build.0 = Debug|Any CPU
		{D606BC62-EC6F-4819-AA7E-F17201C0320A}.Release|Any CPU.ActiveCfg = Release|Any CPU
		{D606BC62-EC6F-4819-AA7E-F17201C0320A}.Release|Any CPU.Build.0 = Release|Any CPU
	EndGlobalSection
	GlobalSection(SolutionProperties) = preSolution
		HideSolutionNode = FALSE
	EndGlobalSection
	GlobalSection(ExtensibilityGlobals) = postSolution
		SolutionGuid = {5E85A36F-C8C0-4FD0-B334-40723DBF6402}
	EndGlobalSection
EndGlobal
